
Microsoft Visual Studio Solution File, Format Version 12.00
# Visual Studio Version 17
VisualStudioVersion = 17.13.35828.75
MinimumVisualStudioVersion = 10.0.40219.1
Project("{2150E333-8FDC-42A3-9474-1A3956D46DE8}") = "src", "src", "{02EA681E-C7D8-13C7-8484-4AC65E1B71E8}"
EndProject
Project("{FAE04EC0-301F-11D3-BF4B-00C04F79EFBC}") = "BloomFilter.Entity", "src\BloomFilter.Entity\BloomFilter.Entity.csproj", "{081B2489-F34B-4F74-9FBF-C05C4875112D}"
EndProject
Project("{FAE04EC0-301F-11D3-BF4B-00C04F79EFBC}") = "BloomFilter.Dto", "src\BloomFilter.Dto\BloomFilter.Dto.csproj", "{2AE7E309-0AFD-4340-B501-A4C3B32F6B21}"
EndProject
Project("{FAE04EC0-301F-11D3-BF4B-00C04F79EFBC}") = "BloomFilter.DataAccess", "src\BloomFilter.DataAccess\BloomFilter.DataAccess.csproj", "{2DC3B09F-4488-4F1B-B5E8-37907CD67CDA}"
EndProject
Project("{FAE04EC0-301F-11D3-BF4B-00C04F79EFBC}") = "BloomFilter.Business", "src\BloomFilter.Business\BloomFilter.Business.csproj", "{51C63D9F-15AA-48FC-ADA6-D66C19D40299}"
EndProject
Project("{FAE04EC0-301F-11D3-BF4B-00C04F79EFBC}") = "BloomFilter.Shared", "src\BloomFilter.Shared\BloomFilter.Shared.csproj", "{B8F800A5-C3E9-4A1D-AB3D-822147F44D1F}"
EndProject
Project("{FAE04EC0-301F-11D3-BF4B-00C04F79EFBC}") = "BloomFilter.HttpApi", "src\BloomFilter.HttpApi\BloomFilter.HttpApi.csproj", "{F8CF2D5F-B473-4CA7-AFA1-B47D266905DC}"
EndProject
Project("{FAE04EC0-301F-11D3-BF4B-00C04F79EFBC}") = "BloomFilter.HttpApi.Host", "src\BloomFilter.HttpApi.Host\BloomFilter.HttpApi.Host.csproj", "{2129195A-3568-46B3-8004-738339902990}"
EndProject
Project("{2150E333-8FDC-42A3-9474-1A3956D46DE8}") = "test", "test", "{52BCE10D-7487-425A-BEED-CD5B4FD25B64}"
EndProject
Project("{FAE04EC0-301F-11D3-BF4B-00C04F79EFBC}") = "BloomFilter.Tests", "test\BloomFilter.Tests\BloomFilter.Tests.csproj", "{B1BC04CA-BCBE-42DB-B7D3-D97BC887B5D7}"
EndProject
Global
	GlobalSection(SolutionConfigurationPlatforms) = preSolution
		Debug|Any CPU = Debug|Any CPU
		Debug|x64 = Debug|x64
		Debug|x86 = Debug|x86
		Release|Any CPU = Release|Any CPU
		Release|x64 = Release|x64
		Release|x86 = Release|x86
	EndGlobalSection
	GlobalSection(ProjectConfigurationPlatforms) = postSolution
		{081B2489-F34B-4F74-9FBF-C05C4875112D}.Debug|Any CPU.ActiveCfg = Debug|Any CPU
		{081B2489-F34B-4F74-9FBF-C05C4875112D}.Debug|Any CPU.Build.0 = Debug|Any CPU
		{081B2489-F34B-4F74-9FBF-C05C4875112D}.Debug|x64.ActiveCfg = Debug|Any CPU
		{081B2489-F34B-4F74-9FBF-C05C4875112D}.Debug|x64.Build.0 = Debug|Any CPU
		{081B2489-F34B-4F74-9FBF-C05C4875112D}.Debug|x86.ActiveCfg = Debug|Any CPU
		{081B2489-F34B-4F74-9FBF-C05C4875112D}.Debug|x86.Build.0 = Debug|Any CPU
		{081B2489-F34B-4F74-9FBF-C05C4875112D}.Release|Any CPU.ActiveCfg = Release|Any CPU
		{081B2489-F34B-4F74-9FBF-C05C4875112D}.Release|Any CPU.Build.0 = Release|Any CPU
		{081B2489-F34B-4F74-9FBF-C05C4875112D}.Release|x64.ActiveCfg = Release|Any CPU
		{081B2489-F34B-4F74-9FBF-C05C4875112D}.Release|x64.Build.0 = Release|Any CPU
		{081B2489-F34B-4F74-9FBF-C05C4875112D}.Release|x86.ActiveCfg = Release|Any CPU
		{081B2489-F34B-4F74-9FBF-C05C4875112D}.Release|x86.Build.0 = Release|Any CPU
		{2AE7E309-0AFD-4340-B501-A4C3B32F6B21}.Debug|Any CPU.ActiveCfg = Debug|Any CPU
		{2AE7E309-0AFD-4340-B501-A4C3B32F6B21}.Debug|Any CPU.Build.0 = Debug|Any CPU
		{2AE7E309-0AFD-4340-B501-A4C3B32F6B21}.Debug|x64.ActiveCfg = Debug|Any CPU
		{2AE7E309-0AFD-4340-B501-A4C3B32F6B21}.Debug|x64.Build.0 = Debug|Any CPU
		{2AE7E309-0AFD-4340-B501-A4C3B32F6B21}.Debug|x86.ActiveCfg = Debug|Any CPU
		{2AE7E309-0AFD-4340-B501-A4C3B32F6B21}.Debug|x86.Build.0 = Debug|Any CPU
		{2AE7E309-0AFD-4340-B501-A4C3B32F6B21}.Release|Any CPU.ActiveCfg = Release|Any CPU
		{2AE7E309-0AFD-4340-B501-A4C3B32F6B21}.Release|Any CPU.Build.0 = Release|Any CPU
		{2AE7E309-0AFD-4340-B501-A4C3B32F6B21}.Release|x64.ActiveCfg = Release|Any CPU
		{2AE7E309-0AFD-4340-B501-A4C3B32F6B21}.Release|x64.Build.0 = Release|Any CPU
		{2AE7E309-0AFD-4340-B501-A4C3B32F6B21}.Release|x86.ActiveCfg = Release|Any CPU
		{2AE7E309-0AFD-4340-B501-A4C3B32F6B21}.Release|x86.Build.0 = Release|Any CPU
		{2DC3B09F-4488-4F1B-B5E8-37907CD67CDA}.Debug|Any CPU.ActiveCfg = Debug|Any CPU
		{2DC3B09F-4488-4F1B-B5E8-37907CD67CDA}.Debug|Any CPU.Build.0 = Debug|Any CPU
		{2DC3B09F-4488-4F1B-B5E8-37907CD67CDA}.Debug|x64.ActiveCfg = Debug|Any CPU
		{2DC3B09F-4488-4F1B-B5E8-37907CD67CDA}.Debug|x64.Build.0 = Debug|Any CPU
		{2DC3B09F-4488-4F1B-B5E8-37907CD67CDA}.Debug|x86.ActiveCfg = Debug|Any CPU
		{2DC3B09F-4488-4F1B-B5E8-37907CD67CDA}.Debug|x86.Build.0 = Debug|Any CPU
		{2DC3B09F-4488-4F1B-B5E8-37907CD67CDA}.Release|Any CPU.ActiveCfg = Release|Any CPU
		{2DC3B09F-4488-4F1B-B5E8-37907CD67CDA}.Release|Any CPU.Build.0 = Release|Any CPU
		{2DC3B09F-4488-4F1B-B5E8-37907CD67CDA}.Release|x64.ActiveCfg = Release|Any CPU
		{2DC3B09F-4488-4F1B-B5E8-37907CD67CDA}.Release|x64.Build.0 = Release|Any CPU
		{2DC3B09F-4488-4F1B-B5E8-37907CD67CDA}.Release|x86.ActiveCfg = Release|Any CPU
		{2DC3B09F-4488-4F1B-B5E8-37907CD67CDA}.Release|x86.Build.0 = Release|Any CPU
		{51C63D9F-15AA-48FC-ADA6-D66C19D40299}.Debug|Any CPU.ActiveCfg = Debug|Any CPU
		{51C63D9F-15AA-48FC-ADA6-D66C19D40299}.Debug|Any CPU.Build.0 = Debug|Any CPU
		{51C63D9F-15AA-48FC-ADA6-D66C19D40299}.Debug|x64.ActiveCfg = Debug|Any CPU
		{51C63D9F-15AA-48FC-ADA6-D66C19D40299}.Debug|x64.Build.0 = Debug|Any CPU
		{51C63D9F-15AA-48FC-ADA6-D66C19D40299}.Debug|x86.ActiveCfg = Debug|Any CPU
		{51C63D9F-15AA-48FC-ADA6-D66C19D40299}.Debug|x86.Build.0 = Debug|Any CPU
		{51C63D9F-15AA-48FC-ADA6-D66C19D40299}.Release|Any CPU.ActiveCfg = Release|Any CPU
		{51C63D9F-15AA-48FC-ADA6-D66C19D40299}.Release|Any CPU.Build.0 = Release|Any CPU
		{51C63D9F-15AA-48FC-ADA6-D66C19D40299}.Release|x64.ActiveCfg = Release|Any CPU
		{51C63D9F-15AA-48FC-ADA6-D66C19D40299}.Release|x64.Build.0 = Release|Any CPU
		{51C63D9F-15AA-48FC-ADA6-D66C19D40299}.Release|x86.ActiveCfg = Release|Any CPU
		{51C63D9F-15AA-48FC-ADA6-D66C19D40299}.Release|x86.Build.0 = Release|Any CPU
		{B8F800A5-C3E9-4A1D-AB3D-822147F44D1F}.Debug|Any CPU.ActiveCfg = Debug|Any CPU
		{B8F800A5-C3E9-4A1D-AB3D-822147F44D1F}.Debug|Any CPU.Build.0 = Debug|Any CPU
		{B8F800A5-C3E9-4A1D-AB3D-822147F44D1F}.Debug|x64.ActiveCfg = Debug|Any CPU
		{B8F800A5-C3E9-4A1D-AB3D-822147F44D1F}.Debug|x64.Build.0 = Debug|Any CPU
		{B8F800A5-C3E9-4A1D-AB3D-822147F44D1F}.Debug|x86.ActiveCfg = Debug|Any CPU
		{B8F800A5-C3E9-4A1D-AB3D-822147F44D1F}.Debug|x86.Build.0 = Debug|Any CPU
		{B8F800A5-C3E9-4A1D-AB3D-822147F44D1F}.Release|Any CPU.ActiveCfg = Release|Any CPU
		{B8F800A5-C3E9-4A1D-AB3D-822147F44D1F}.Release|Any CPU.Build.0 = Release|Any CPU
		{B8F800A5-C3E9-4A1D-AB3D-822147F44D1F}.Release|x64.ActiveCfg = Release|Any CPU
		{B8F800A5-C3E9-4A1D-AB3D-822147F44D1F}.Release|x64.Build.0 = Release|Any CPU
		{B8F800A5-C3E9-4A1D-AB3D-822147F44D1F}.Release|x86.ActiveCfg = Release|Any CPU
		{B8F800A5-C3E9-4A1D-AB3D-822147F44D1F}.Release|x86.Build.0 = Release|Any CPU
		{F8CF2D5F-B473-4CA7-AFA1-B47D266905DC}.Debug|Any CPU.ActiveCfg = Debug|Any CPU
		{F8CF2D5F-B473-4CA7-AFA1-B47D266905DC}.Debug|Any CPU.Build.0 = Debug|Any CPU
		{F8CF2D5F-B473-4CA7-AFA1-B47D266905DC}.Debug|x64.ActiveCfg = Debug|Any CPU
		{F8CF2D5F-B473-4CA7-AFA1-B47D266905DC}.Debug|x64.Build.0 = Debug|Any CPU
		{F8CF2D5F-B473-4CA7-AFA1-B47D266905DC}.Debug|x86.ActiveCfg = Debug|Any CPU
		{F8CF2D5F-B473-4CA7-AFA1-B47D266905DC}.Debug|x86.Build.0 = Debug|Any CPU
		{F8CF2D5F-B473-4CA7-AFA1-B47D266905DC}.Release|Any CPU.ActiveCfg = Release|Any CPU
		{F8CF2D5F-B473-4CA7-AFA1-B47D266905DC}.Release|Any CPU.Build.0 = Release|Any CPU
		{F8CF2D5F-B473-4CA7-AFA1-B47D266905DC}.Release|x64.ActiveCfg = Release|Any CPU
		{F8CF2D5F-B473-4CA7-AFA1-B47D266905DC}.Release|x64.Build.0 = Release|Any CPU
		{F8CF2D5F-B473-4CA7-AFA1-B47D266905DC}.Release|x86.ActiveCfg = Release|Any CPU
		{F8CF2D5F-B473-4CA7-AFA1-B47D266905DC}.Release|x86.Build.0 = Release|Any CPU
		{2129195A-3568-46B3-8004-738339902990}.Debug|Any CPU.ActiveCfg = Debug|Any CPU
		{2129195A-3568-46B3-8004-738339902990}.Debug|Any CPU.Build.0 = Debug|Any CPU
		{2129195A-3568-46B3-8004-738339902990}.Debug|x64.ActiveCfg = Debug|Any CPU
		{2129195A-3568-46B3-8004-738339902990}.Debug|x64.Build.0 = Debug|Any CPU
		{2129195A-3568-46B3-8004-738339902990}.Debug|x86.ActiveCfg = Debug|Any CPU
		{2129195A-3568-46B3-8004-738339902990}.Debug|x86.Build.0 = Debug|Any CPU
		{2129195A-3568-46B3-8004-738339902990}.Release|Any CPU.ActiveCfg = Release|Any CPU
		{2129195A-3568-46B3-8004-738339902990}.Release|Any CPU.Build.0 = Release|Any CPU
		{2129195A-3568-46B3-8004-738339902990}.Release|x64.ActiveCfg = Release|Any CPU
		{2129195A-3568-46B3-8004-738339902990}.Release|x64.Build.0 = Release|Any CPU
		{2129195A-3568-46B3-8004-738339902990}.Release|x86.ActiveCfg = Release|Any CPU
		{2129195A-3568-46B3-8004-738339902990}.Release|x86.Build.0 = Release|Any CPU
		{B1BC04CA-BCBE-42DB-B7D3-D97BC887B5D7}.Debug|Any CPU.ActiveCfg = Debug|Any CPU
		{B1BC04CA-BCBE-42DB-B7D3-D97BC887B5D7}.Debug|Any CPU.Build.0 = Debug|Any CPU
		{B1BC04CA-BCBE-42DB-B7D3-D97BC887B5D7}.Debug|x64.ActiveCfg = Debug|Any CPU
		{B1BC04CA-BCBE-42DB-B7D3-D97BC887B5D7}.Debug|x64.Build.0 = Debug|Any CPU
		{B1BC04CA-BCBE-42DB-B7D3-D97BC887B5D7}.Debug|x86.ActiveCfg = Debug|Any CPU
		{B1BC04CA-BCBE-42DB-B7D3-D97BC887B5D7}.Debug|x86.Build.0 = Debug|Any CPU
		{B1BC04CA-BCBE-42DB-B7D3-D97BC887B5D7}.Release|Any CPU.ActiveCfg = Release|Any CPU
		{B1BC04CA-BCBE-42DB-B7D3-D97BC887B5D7}.Release|Any CPU.Build.0 = Release|Any CPU
		{B1BC04CA-BCBE-42DB-B7D3-D97BC887B5D7}.Release|x64.ActiveCfg = Release|Any CPU
		{B1BC04CA-BCBE-42DB-B7D3-D97BC887B5D7}.Release|x64.Build.0 = Release|Any CPU
		{B1BC04CA-BCBE-42DB-B7D3-D97BC887B5D7}.Release|x86.ActiveCfg = Release|Any CPU
		{B1BC04CA-BCBE-42DB-B7D3-D97BC887B5D7}.Release|x86.Build.0 = Release|Any CPU
	EndGlobalSection
	GlobalSection(SolutionProperties) = preSolution
		HideSolutionNode = FALSE
	EndGlobalSection
	GlobalSection(NestedProjects) = preSolution
		{081B2489-F34B-4F74-9FBF-C05C4875112D} = {02EA681E-C7D8-13C7-8484-4AC65E1B71E8}
		{2AE7E309-0AFD-4340-B501-A4C3B32F6B21} = {02EA681E-C7D8-13C7-8484-4AC65E1B71E8}
		{2DC3B09F-4488-4F1B-B5E8-37907CD67CDA} = {02EA681E-C7D8-13C7-8484-4AC65E1B71E8}
		{51C63D9F-15AA-48FC-ADA6-D66C19D40299} = {02EA681E-C7D8-13C7-8484-4AC65E1B71E8}
		{B8F800A5-C3E9-4A1D-AB3D-822147F44D1F} = {02EA681E-C7D8-13C7-8484-4AC65E1B71E8}
		{F8CF2D5F-B473-4CA7-AFA1-B47D266905DC} = {02EA681E-C7D8-13C7-8484-4AC65E1B71E8}
		{2129195A-3568-46B3-8004-738339902990} = {02EA681E-C7D8-13C7-8484-4AC65E1B71E8}
		{B1BC04CA-BCBE-42DB-B7D3-D97BC887B5D7} = {52BCE10D-7487-425A-BEED-CD5B4FD25B64}
	EndGlobalSection
	GlobalSection(ExtensibilityGlobals) = postSolution
		SolutionGuid = {5ED13526-6085-486B-994D-B4492BF449EC}
	EndGlobalSection
EndGlobal
